
Microsoft Visual Studio Solution File, Format Version 12.00
# Visual Studio Version 17
VisualStudioVersion = 17.9.34723.18
MinimumVisualStudioVersion = 10.0.40219.1
Project("{FAE04EC0-301F-11D3-BF4B-00C04F79EFBC}") = "WeatherApp", "WeatherApp\WeatherApp.csproj", "{A185FAEE-4357-4313-B0E1-F2726E248BAA}"
EndProject
Global
	GlobalSection(SolutionConfigurationPlatforms) = preSolution
		Debug|Any CPU = Debug|Any CPU
		Release|Any CPU = Release|Any CPU
	EndGlobalSection
	GlobalSection(ProjectConfigurationPlatforms) = postSolution
		{A185FAEE-4357-4313-B0E1-F2726E248BAA}.Debug|Any CPU.ActiveCfg = Debug|Any CPU
		{A185FAEE-4357-4313-B0E1-F2726E248BAA}.Debug|Any CPU.Build.0 = Debug|Any CPU
		{A185FAEE-4357-4313-B0E1-F2726E248BAA}.Release|Any CPU.ActiveCfg = Release|Any CPU
		{A185FAEE-4357-4313-B0E1-F2726E248BAA}.Release|Any CPU.Build.0 = Release|Any CPU
	EndGlobalSection
	GlobalSection(SolutionProperties) = preSolution
		HideSolutionNode = FALSE
	EndGlobalSection
	GlobalSection(ExtensibilityGlobals) = postSolution
		SolutionGuid = {303EF942-745B-4429-8A30-899578AAD24A}
	EndGlobalSection
EndGlobal
